
Microsoft Visual Studio Solution File, Format Version 12.00
# Visual Studio Version 16
VisualStudioVersion = 16.0.30621.155
MinimumVisualStudioVersion = 10.0.40219.1
Project("{9A19103F-16F7-4668-BE54-9A1E7A4F7556}") = "EntityFrameworkCore.Teste", "EntityFrameworkCore.Teste\EntityFrameworkCore.Teste.csproj", "{1710EF08-D4C7-4A3B-9E9D-27ADD38FCA9E}"
EndProject
Project("{FAE04EC0-301F-11D3-BF4B-00C04F79EFBC}") = "EntityFrameworkCore.Data", "EntityFrameworkCore.Data\EntityFrameworkCore.Data.csproj", "{C1003021-A325-486E-A90B-0AB56785341F}"
EndProject
Global
	GlobalSection(SolutionConfigurationPlatforms) = preSolution
		Debug|Any CPU = Debug|Any CPU
		Release|Any CPU = Release|Any CPU
	EndGlobalSection
	GlobalSection(ProjectConfigurationPlatforms) = postSolution
		{1710EF08-D4C7-4A3B-9E9D-27ADD38FCA9E}.Debug|Any CPU.ActiveCfg = Debug|Any CPU
		{1710EF08-D4C7-4A3B-9E9D-27ADD38FCA9E}.Debug|Any CPU.Build.0 = Debug|Any CPU
		{1710EF08-D4C7-4A3B-9E9D-27ADD38FCA9E}.Release|Any CPU.ActiveCfg = Release|Any CPU
		{1710EF08-D4C7-4A3B-9E9D-27ADD38FCA9E}.Release|Any CPU.Build.0 = Release|Any CPU
		{C1003021-A325-486E-A90B-0AB56785341F}.Debug|Any CPU.ActiveCfg = Debug|Any CPU
		{C1003021-A325-486E-A90B-0AB56785341F}.Debug|Any CPU.Build.0 = Debug|Any CPU
		{C1003021-A325-486E-A90B-0AB56785341F}.Release|Any CPU.ActiveCfg = Release|Any CPU
		{C1003021-A325-486E-A90B-0AB56785341F}.Release|Any CPU.Build.0 = Release|Any CPU
	EndGlobalSection
	GlobalSection(SolutionProperties) = preSolution
		HideSolutionNode = FALSE
	EndGlobalSection
	GlobalSection(ExtensibilityGlobals) = postSolution
		SolutionGuid = {8B54C800-A029-46C6-89D7-91E214FD7BE3}
	EndGlobalSection
EndGlobal
